
Microsoft Visual Studio Solution File, Format Version 12.00
# Visual Studio 14
VisualStudioVersion = 14.0.25420.1
MinimumVisualStudioVersion = 10.0.40219.1
Project("{FAE04EC0-301F-11D3-BF4B-00C04F79EFBC}") = "CheckPoint.Views", "CheckPoint\CheckPoint.Views.csproj", "{36A35C88-81EE-44B5-ACD2-D4CA66F7794B}"
EndProject
Project("{FAE04EC0-301F-11D3-BF4B-00C04F79EFBC}") = "CheckPoint.Bootstrap", "CheckPoint.Bootstrap\CheckPoint.Bootstrap.csproj", "{5932511B-00B0-49D4-9DDD-EB5764820668}"
EndProject
Project("{FAE04EC0-301F-11D3-BF4B-00C04F79EFBC}") = "CheckPointPresenters", "CheckPoint.Core\CheckPointPresenters.csproj", "{ED11A003-9452-432C-99B2-CD10056EACE1}"
EndProject
Project("{FAE04EC0-301F-11D3-BF4B-00C04F79EFBC}") = "DataAccess", "DataAccess\DataAccess.csproj", "{8BA8D8B8-348D-4A2D-B569-24558798CF4F}"
EndProject
Project("{FAE04EC0-301F-11D3-BF4B-00C04F79EFBC}") = "CheckPointModel", "CheckPointModel\CheckPointModel.csproj", "{C66B5234-75AE-4F85-9CC5-F9960D5114F3}"
EndProject
Project("{FAE04EC0-301F-11D3-BF4B-00C04F79EFBC}") = "CheckPointCommon", "Interfaces\CheckPointCommon.csproj", "{DA5C83DB-1E7A-4C12-961E-6C73373506BC}"
EndProject
Project("{FAE04EC0-301F-11D3-BF4B-00C04F79EFBC}") = "CheckPointDataTables", "CheckPointDataTables\CheckPointDataTables.csproj", "{AFEBD1A4-0E44-4BFE-A0B9-4CFE6622D6AA}"
EndProject
Project("{FAE04EC0-301F-11D3-BF4B-00C04F79EFBC}") = "LinQ", "LinQ\LinQ.csproj", "{E580D717-388B-424B-8DF8-EE2F67AB36FE}"
EndProject
Project("{FAE04EC0-301F-11D3-BF4B-00C04F79EFBC}") = "CheckPointCache", "CheckPointCache\CheckPointCache.csproj", "{B7BCBEE1-5997-49F5-83DD-0E99FE3ED948}"
EndProject
Global
	GlobalSection(SolutionConfigurationPlatforms) = preSolution
		Debug|Any CPU = Debug|Any CPU
		Release|Any CPU = Release|Any CPU
	EndGlobalSection
	GlobalSection(ProjectConfigurationPlatforms) = postSolution
		{36A35C88-81EE-44B5-ACD2-D4CA66F7794B}.Debug|Any CPU.ActiveCfg = Debug|Any CPU
		{36A35C88-81EE-44B5-ACD2-D4CA66F7794B}.Debug|Any CPU.Build.0 = Debug|Any CPU
		{36A35C88-81EE-44B5-ACD2-D4CA66F7794B}.Release|Any CPU.ActiveCfg = Release|Any CPU
		{36A35C88-81EE-44B5-ACD2-D4CA66F7794B}.Release|Any CPU.Build.0 = Release|Any CPU
		{5932511B-00B0-49D4-9DDD-EB5764820668}.Debug|Any CPU.ActiveCfg = Debug|Any CPU
		{5932511B-00B0-49D4-9DDD-EB5764820668}.Debug|Any CPU.Build.0 = Debug|Any CPU
		{5932511B-00B0-49D4-9DDD-EB5764820668}.Release|Any CPU.ActiveCfg = Release|Any CPU
		{5932511B-00B0-49D4-9DDD-EB5764820668}.Release|Any CPU.Build.0 = Release|Any CPU
		{ED11A003-9452-432C-99B2-CD10056EACE1}.Debug|Any CPU.ActiveCfg = Debug|Any CPU
		{ED11A003-9452-432C-99B2-CD10056EACE1}.Debug|Any CPU.Build.0 = Debug|Any CPU
		{ED11A003-9452-432C-99B2-CD10056EACE1}.Release|Any CPU.ActiveCfg = Release|Any CPU
		{ED11A003-9452-432C-99B2-CD10056EACE1}.Release|Any CPU.Build.0 = Release|Any CPU
		{8BA8D8B8-348D-4A2D-B569-24558798CF4F}.Debug|Any CPU.ActiveCfg = Debug|Any CPU
		{8BA8D8B8-348D-4A2D-B569-24558798CF4F}.Debug|Any CPU.Build.0 = Debug|Any CPU
		{8BA8D8B8-348D-4A2D-B569-24558798CF4F}.Release|Any CPU.ActiveCfg = Release|Any CPU
		{8BA8D8B8-348D-4A2D-B569-24558798CF4F}.Release|Any CPU.Build.0 = Release|Any CPU
		{C66B5234-75AE-4F85-9CC5-F9960D5114F3}.Debug|Any CPU.ActiveCfg = Debug|Any CPU
		{C66B5234-75AE-4F85-9CC5-F9960D5114F3}.Debug|Any CPU.Build.0 = Debug|Any CPU
		{C66B5234-75AE-4F85-9CC5-F9960D5114F3}.Release|Any CPU.ActiveCfg = Release|Any CPU
		{C66B5234-75AE-4F85-9CC5-F9960D5114F3}.Release|Any CPU.Build.0 = Release|Any CPU
		{DA5C83DB-1E7A-4C12-961E-6C73373506BC}.Debug|Any CPU.ActiveCfg = Debug|Any CPU
		{DA5C83DB-1E7A-4C12-961E-6C73373506BC}.Debug|Any CPU.Build.0 = Debug|Any CPU
		{DA5C83DB-1E7A-4C12-961E-6C73373506BC}.Release|Any CPU.ActiveCfg = Release|Any CPU
		{DA5C83DB-1E7A-4C12-961E-6C73373506BC}.Release|Any CPU.Build.0 = Release|Any CPU
		{AFEBD1A4-0E44-4BFE-A0B9-4CFE6622D6AA}.Debug|Any CPU.ActiveCfg = Debug|Any CPU
		{AFEBD1A4-0E44-4BFE-A0B9-4CFE6622D6AA}.Debug|Any CPU.Build.0 = Debug|Any CPU
		{AFEBD1A4-0E44-4BFE-A0B9-4CFE6622D6AA}.Release|Any CPU.ActiveCfg = Release|Any CPU
		{AFEBD1A4-0E44-4BFE-A0B9-4CFE6622D6AA}.Release|Any CPU.Build.0 = Release|Any CPU
		{E580D717-388B-424B-8DF8-EE2F67AB36FE}.Debug|Any CPU.ActiveCfg = Debug|Any CPU
		{E580D717-388B-424B-8DF8-EE2F67AB36FE}.Debug|Any CPU.Build.0 = Debug|Any CPU
		{E580D717-388B-424B-8DF8-EE2F67AB36FE}.Release|Any CPU.ActiveCfg = Release|Any CPU
		{E580D717-388B-424B-8DF8-EE2F67AB36FE}.Release|Any CPU.Build.0 = Release|Any CPU
		{B7BCBEE1-5997-49F5-83DD-0E99FE3ED948}.Debug|Any CPU.ActiveCfg = Debug|Any CPU
		{B7BCBEE1-5997-49F5-83DD-0E99FE3ED948}.Debug|Any CPU.Build.0 = Debug|Any CPU
		{B7BCBEE1-5997-49F5-83DD-0E99FE3ED948}.Release|Any CPU.ActiveCfg = Release|Any CPU
		{B7BCBEE1-5997-49F5-83DD-0E99FE3ED948}.Release|Any CPU.Build.0 = Release|Any CPU
	EndGlobalSection
	GlobalSection(SolutionProperties) = preSolution
		HideSolutionNode = FALSE
	EndGlobalSection
	GlobalSection(TeamFoundationVersionControl) = preSolution
		SccNumberOfProjects = 10
		SccEnterpriseProvider = {4CA58AB2-18FA-4F8D-95D4-32DDF27D184C}
		SccTeamFoundationServer = https://checkpointas.visualstudio.com/
		SccLocalPath0 = .
		SccProjectUniqueName1 = CheckPoint.Bootstrap\\CheckPoint.Bootstrap.csproj
		SccProjectName1 = CheckPoint.Bootstrap
		SccLocalPath1 = CheckPoint.Bootstrap
		SccProjectUniqueName2 = CheckPoint.Core\\CheckPointPresenters.csproj
		SccProjectName2 = CheckPoint.Core
		SccLocalPath2 = CheckPoint.Core
		SccProjectUniqueName3 = CheckPoint\\CheckPoint.Views.csproj
		SccProjectName3 = CheckPoint
		SccLocalPath3 = CheckPoint
		SccProjectUniqueName4 = CheckPointDataTables\\CheckPointDataTables.csproj
		SccProjectName4 = CheckPointDataTables
		SccLocalPath4 = CheckPointDataTables
		SccProjectUniqueName5 = CheckPointModel\\CheckPointModel.csproj
		SccProjectName5 = CheckPointModel
		SccLocalPath5 = CheckPointModel
		SccProjectUniqueName6 = DataAccess\\DataAccess.csproj
		SccProjectName6 = DataAccess
		SccLocalPath6 = DataAccess
		SccProjectUniqueName7 = Interfaces\\CheckPointCommon.csproj
		SccProjectName7 = Interfaces
		SccLocalPath7 = Interfaces
		SccProjectUniqueName8 = LinQ\\LinQ.csproj
		SccProjectName8 = LinQ
		SccLocalPath8 = LinQ
		SccProjectUniqueName9 = CheckPointCache\\CheckPointCache.csproj
		SccProjectName9 = CheckPointCache
		SccLocalPath9 = CheckPointCache
	EndGlobalSection
EndGlobal
